
Microsoft Visual Studio Solution File, Format Version 12.00
# Visual Studio Version 17
VisualStudioVersion = 17.1.32210.238
MinimumVisualStudioVersion = 10.0.40219.1
Project("{FAE04EC0-301F-11D3-BF4B-00C04F79EFBC}") = "BankAccount", "BankAccount\BankAccount.csproj", "{1BD266DE-5EB4-4AD7-BB30-C21BF0B667D3}"
EndProject
Global
	GlobalSection(SolutionConfigurationPlatforms) = preSolution
		Debug|Any CPU = Debug|Any CPU
		Release|Any CPU = Release|Any CPU
	EndGlobalSection
	GlobalSection(ProjectConfigurationPlatforms) = postSolution
		{1BD266DE-5EB4-4AD7-BB30-C21BF0B667D3}.Debug|Any CPU.ActiveCfg = Debug|Any CPU
		{1BD266DE-5EB4-4AD7-BB30-C21BF0B667D3}.Debug|Any CPU.Build.0 = Debug|Any CPU
		{1BD266DE-5EB4-4AD7-BB30-C21BF0B667D3}.Release|Any CPU.ActiveCfg = Release|Any CPU
		{1BD266DE-5EB4-4AD7-BB30-C21BF0B667D3}.Release|Any CPU.Build.0 = Release|Any CPU
	EndGlobalSection
	GlobalSection(SolutionProperties) = preSolution
		HideSolutionNode = FALSE
	EndGlobalSection
	GlobalSection(ExtensibilityGlobals) = postSolution
		SolutionGuid = {7D135D0A-EEA2-43EA-99EA-88DEAFBDF177}
	EndGlobalSection
EndGlobal
